// !$*UTF8*$!
{
	archiveVersion = 1;
	classes = {
	};
	objectVersion = 56;
	objects = {

/* Begin PBXBuildFile section */
		781839C5053BD6C15D043943 /* Pods_Demov.framework in Frameworks */ = {isa = PBXBuildFile; fileRef = 544220BFCA0E7485A7864A19 /* Pods_Demov.framework */; };
		ECEA2E6C29DE756F008F08AA /* AppDelegate.swift in Sources */ = {isa = PBXBuildFile; fileRef = ECEA2E6B29DE756F008F08AA /* AppDelegate.swift */; };
		ECEA2E6E29DE756F008F08AA /* SceneDelegate.swift in Sources */ = {isa = PBXBuildFile; fileRef = ECEA2E6D29DE756F008F08AA /* SceneDelegate.swift */; };
		ECEA2E7029DE756F008F08AA /* ViewController.swift in Sources */ = {isa = PBXBuildFile; fileRef = ECEA2E6F29DE756F008F08AA /* ViewController.swift */; };
		ECEA2E7329DE756F008F08AA /* Main.storyboard in Resources */ = {isa = PBXBuildFile; fileRef = ECEA2E7129DE756F008F08AA /* Main.storyboard */; };
		ECEA2E7529DE7571008F08AA /* Assets.xcassets in Resources */ = {isa = PBXBuildFile; fileRef = ECEA2E7429DE7571008F08AA /* Assets.xcassets */; };
		ECEA2E7829DE7571008F08AA /* LaunchScreen.storyboard in Resources */ = {isa = PBXBuildFile; fileRef = ECEA2E7629DE7571008F08AA /* LaunchScreen.storyboard */; };
/* End PBXBuildFile section */

/* Begin PBXFileReference section */
		13E8069F35417C7FDF92EE09 /* Pods-Demov.debug.xcconfig */ = {isa = PBXFileReference; includeInIndex = 1; lastKnownFileType = text.xcconfig; name = "Pods-Demov.debug.xcconfig"; path = "Target Support Files/Pods-Demov/Pods-Demov.debug.xcconfig"; sourceTree = "<group>"; };
		544220BFCA0E7485A7864A19 /* Pods_Demov.framework */ = {isa = PBXFileReference; explicitFileType = wrapper.framework; includeInIndex = 0; path = Pods_Demov.framework; sourceTree = BUILT_PRODUCTS_DIR; };
		B8C1EE053C07D9F230CAC0E8 /* Pods-Demov.release.xcconfig */ = {isa = PBXFileReference; includeInIndex = 1; lastKnownFileType = text.xcconfig; name = "Pods-Demov.release.xcconfig"; path = "Target Support Files/Pods-Demov/Pods-Demov.release.xcconfig"; sourceTree = "<group>"; };
		ECEA2E6829DE756F008F08AA /* Demov.app */ = {isa = PBXFileReference; explicitFileType = wrapper.application; includeInIndex = 0; path = Demov.app; sourceTree = BUILT_PRODUCTS_DIR; };
		ECEA2E6B29DE756F008F08AA /* AppDelegate.swift */ = {isa = PBXFileReference; lastKnownFileType = sourcecode.swift; path = AppDelegate.swift; sourceTree = "<group>"; };
		ECEA2E6D29DE756F008F08AA /* SceneDelegate.swift */ = {isa = PBXFileReference; lastKnownFileType = sourcecode.swift; path = SceneDelegate.swift; sourceTree = "<group>"; };
		ECEA2E6F29DE756F008F08AA /* ViewController.swift */ = {isa = PBXFileReference; lastKnownFileType = sourcecode.swift; path = ViewController.swift; sourceTree = "<group>"; };
		ECEA2E7229DE756F008F08AA /* Base */ = {isa = PBXFileReference; lastKnownFileType = file.storyboard; name = Base; path = Base.lproj/Main.storyboard; sourceTree = "<group>"; };
		ECEA2E7429DE7571008F08AA /* Assets.xcassets */ = {isa = PBXFileReference; lastKnownFileType = folder.assetcatalog; path = Assets.xcassets; sourceTree = "<group>"; };
		ECEA2E7729DE7571008F08AA /* Base */ = {isa = PBXFileReference; lastKnownFileType = file.storyboard; name = Base; path = Base.lproj/LaunchScreen.storyboard; sourceTree = "<group>"; };
		ECEA2E7929DE7571008F08AA /* Info.plist */ = {isa = PBXFileReference; lastKnownFileType = text.plist.xml; path = Info.plist; sourceTree = "<group>"; };
/* End PBXFileReference section */

/* Begin PBXFrameworksBuildPhase section */
		ECEA2E6529DE756F008F08AA /* Frameworks */ = {
			isa = PBXFrameworksBuildPhase;
			buildActionMask = 2147483647;
			files = (
				781839C5053BD6C15D043943 /* Pods_Demov.framework in Frameworks */,
			);
			runOnlyForDeploymentPostprocessing = 0;
		};
/* End PBXFrameworksBuildPhase section */

/* Begin PBXGroup section */
		2412D1E7092BEA750BD4B08E /* Frameworks */ = {
			isa = PBXGroup;
			children = (
				544220BFCA0E7485A7864A19 /* Pods_Demov.framework */,
			);
			name = Frameworks;
			sourceTree = "<group>";
		};
		CB1D0B4F735F2EC6820FB799 /* Pods */ = {
			isa = PBXGroup;
			children = (
				13E8069F35417C7FDF92EE09 /* Pods-Demov.debug.xcconfig */,
				B8C1EE053C07D9F230CAC0E8 /* Pods-Demov.release.xcconfig */,
			);
			name = Pods;
			path = Pods;
			sourceTree = "<group>";
		};
		ECEA2E5F29DE756F008F08AA = {
			isa = PBXGroup;
			children = (
				ECEA2E6A29DE756F008F08AA /* Demov */,
				ECEA2E6929DE756F008F08AA /* Products */,
				CB1D0B4F735F2EC6820FB799 /* Pods */,
				2412D1E7092BEA750BD4B08E /* Frameworks */,
			);
			sourceTree = "<group>";
		};
		ECEA2E6929DE756F008F08AA /* Products */ = {
			isa = PBXGroup;
			children = (
				ECEA2E6829DE756F008F08AA /* Demov.app */,
			);
			name = Products;
			sourceTree = "<group>";
		};
		ECEA2E6A29DE756F008F08AA /* Demov */ = {
			isa = PBXGroup;
			children = (
				ECEA2E6B29DE756F008F08AA /* AppDelegate.swift */,
				ECEA2E6D29DE756F008F08AA /* SceneDelegate.swift */,
				ECEA2E6F29DE756F008F08AA /* ViewController.swift */,
				ECEA2E7129DE756F008F08AA /* Main.storyboard */,
				ECEA2E7429DE7571008F08AA /* Assets.xcassets */,
				ECEA2E7629DE7571008F08AA /* LaunchScreen.storyboard */,
				ECEA2E7929DE7571008F08AA /* Info.plist */,
			);
			path = Demov;
			sourceTree = "<group>";
		};
/* End PBXGroup section */

/* Begin PBXNativeTarget section */
		ECEA2E6729DE756F008F08AA /* Demov */ = {
			isa = PBXNativeTarget;
			buildConfigurationList = ECEA2E7C29DE7571008F08AA /* Build configuration list for PBXNativeTarget "Demov" */;
			buildPhases = (
				C2701C127A468D3DA2774DFE /* [CP] Check Pods Manifest.lock */,
				ECEA2E6429DE756F008F08AA /* Sources */,
				ECEA2E6529DE756F008F08AA /* Frameworks */,
				ECEA2E6629DE756F008F08AA /* Resources */,
				8ADC98390FEA72A5B9F4A9F0 /* [CP] Embed Pods Frameworks */,
			);
			buildRules = (
			);
			dependencies = (
			);
			name = Demov;
			productName = Demov;
			productReference = ECEA2E6829DE756F008F08AA /* Demov.app */;
			productType = "com.apple.product-type.application";
		};
/* End PBXNativeTarget section */

/* Begin PBXProject section */
		ECEA2E6029DE756F008F08AA /* Project object */ = {
			isa = PBXProject;
			attributes = {
				BuildIndependentTargetsInParallel = 1;
				LastSwiftUpdateCheck = 1410;
				LastUpgradeCheck = 1410;
				TargetAttributes = {
					ECEA2E6729DE756F008F08AA = {
						CreatedOnToolsVersion = 14.1;
					};
				};
			};
			buildConfigurationList = ECEA2E6329DE756F008F08AA /* Build configuration list for PBXProject "Demov" */;
			compatibilityVersion = "Xcode 14.0";
			developmentRegion = en;
			hasScannedForEncodings = 0;
			knownRegions = (
				en,
				Base,
			);
			mainGroup = ECEA2E5F29DE756F008F08AA;
			productRefGroup = ECEA2E6929DE756F008F08AA /* Products */;
			projectDirPath = "";
			projectRoot = "";
			targets = (
				ECEA2E6729DE756F008F08AA /* Demov */,
			);
		};
/* End PBXProject section */

/* Begin PBXResourcesBuildPhase section */
		ECEA2E6629DE756F008F08AA /* Resources */ = {
			isa = PBXResourcesBuildPhase;
			buildActionMask = 2147483647;
			files = (
				ECEA2E7829DE7571008F08AA /* LaunchScreen.storyboard in Resources */,
				ECEA2E7529DE7571008F08AA /* Assets.xcassets in Resources */,
				ECEA2E7329DE756F008F08AA /* Main.storyboard in Resources */,
			);
			runOnlyForDeploymentPostprocessing = 0;
		};
/* End PBXResourcesBuildPhase section */

/* Begin PBXShellScriptBuildPhase section */
		8ADC98390FEA72A5B9F4A9F0 /* [CP] Embed Pods Frameworks */ = {
			isa = PBXShellScriptBuildPhase;
			buildActionMask = 2147483647;
			files = (
			);
			inputFileListPaths = (
				"${PODS_ROOT}/Target Support Files/Pods-Demov/Pods-Demov-frameworks-${CONFIGURATION}-input-files.xcfilelist",
			);
			name = "[CP] Embed Pods Frameworks";
			outputFileListPaths = (
				"${PODS_ROOT}/Target Support Files/Pods-Demov/Pods-Demov-frameworks-${CONFIGURATION}-output-files.xcfilelist",
			);
			runOnlyForDeploymentPostprocessing = 0;
			shellPath = /bin/sh;
			shellScript = "\"${PODS_ROOT}/Target Support Files/Pods-Demov/Pods-Demov-frameworks.sh\"\n";
			showEnvVarsInLog = 0;
		};
		C2701C127A468D3DA2774DFE /* [CP] Check Pods Manifest.lock */ = {
			isa = PBXShellScriptBuildPhase;
			buildActionMask = 2147483647;
			files = (
			);
			inputFileListPaths = (
			);
			inputPaths = (
				"${PODS_PODFILE_DIR_PATH}/Podfile.lock",
				"${PODS_ROOT}/Manifest.lock",
			);
			name = "[CP] Check Pods Manifest.lock";
			outputFileListPaths = (
			);
			outputPaths = (
				"$(DERIVED_FILE_DIR)/Pods-Demov-checkManifestLockResult.txt",
			);
			runOnlyForDeploymentPostprocessing = 0;
			shellPath = /bin/sh;
			shellScript = "diff \"${PODS_PODFILE_DIR_PATH}/Podfile.lock\" \"${PODS_ROOT}/Manifest.lock\" > /dev/null\nif [ $? != 0 ] ; then\n    # print error to STDERR\n    echo \"error: The sandbox is not in sync with the Podfile.lock. Run 'pod install' or update your CocoaPods installation.\" >&2\n    exit 1\nfi\n# This output is used by Xcode 'outputs' to avoid re-running this script phase.\necho \"SUCCESS\" > \"${SCRIPT_OUTPUT_FILE_0}\"\n";
			showEnvVarsInLog = 0;
		};
/* End PBXShellScriptBuildPhase section */

/* Begin PBXSourcesBuildPhase section */
		ECEA2E6429DE756F008F08AA /* Sources */ = {
			isa = PBXSourcesBuildPhase;
			buildActionMask = 2147483647;
			files = (
				ECEA2E7029DE756F008F08AA /* ViewController.swift in Sources */,
				ECEA2E6C29DE756F008F08AA /* AppDelegate.swift in Sources */,
				ECEA2E6E29DE756F008F08AA /* SceneDelegate.swift in Sources */,
			);
			runOnlyForDeploymentPostprocessing = 0;
		};
/* End PBXSourcesBuildPhase section */

/* Begin PBXVariantGroup section */
		ECEA2E7129DE756F008F08AA /* Main.storyboard */ = {
			isa = PBXVariantGroup;
			children = (
				ECEA2E7229DE756F008F08AA /* Base */,
			);
			name = Main.storyboard;
			sourceTree = "<group>";
		};
		ECEA2E7629DE7571008F08AA /* LaunchScreen.storyboard */ = {
			isa = PBXVariantGroup;
			children = (
				ECEA2E7729DE7571008F08AA /* Base */,
			);
			name = LaunchScreen.storyboard;
			sourceTree = "<group>";
		};
/* End PBXVariantGroup section */

/* Begin XCBuildConfiguration section */
		ECEA2E7A29DE7571008F08AA /* Debug */ = {
			isa = XCBuildConfiguration;
			buildSettings = {
				ALWAYS_SEARCH_USER_PATHS = NO;
				CLANG_ANALYZER_NONNULL = YES;
				CLANG_ANALYZER_NUMBER_OBJECT_CONVERSION = YES_AGGRESSIVE;
				CLANG_CXX_LANGUAGE_STANDARD = "gnu++20";
				CLANG_ENABLE_MODULES = YES;
				CLANG_ENABLE_OBJC_ARC = YES;
				CLANG_ENABLE_OBJC_WEAK = YES;
				CLANG_WARN_BLOCK_CAPTURE_AUTORELEASING = YES;
				CLANG_WARN_BOOL_CONVERSION = YES;
				CLANG_WARN_COMMA = YES;
				CLANG_WARN_CONSTANT_CONVERSION = YES;
				CLANG_WARN_DEPRECATED_OBJC_IMPLEMENTATIONS = YES;
				CLANG_WARN_DIRECT_OBJC_ISA_USAGE = YES_ERROR;
				CLANG_WARN_DOCUMENTATION_COMMENTS = YES;
				CLANG_WARN_EMPTY_BODY = YES;
				CLANG_WARN_ENUM_CONVERSION = YES;
				CLANG_WARN_INFINITE_RECURSION = YES;
				CLANG_WARN_INT_CONVERSION = YES;
				CLANG_WARN_NON_LITERAL_NULL_CONVERSION = YES;
				CLANG_WARN_OBJC_IMPLICIT_RETAIN_SELF = YES;
				CLANG_WARN_OBJC_LITERAL_CONVERSION = YES;
				CLANG_WARN_OBJC_ROOT_CLASS = YES_ERROR;
				CLANG_WARN_QUOTED_INCLUDE_IN_FRAMEWORK_HEADER = YES;
				CLANG_WARN_RANGE_LOOP_ANALYSIS = YES;
				CLANG_WARN_STRICT_PROTOTYPES = YES;
				CLANG_WARN_SUSPICIOUS_MOVE = YES;
				CLANG_WARN_UNGUARDED_AVAILABILITY = YES_AGGRESSIVE;
				CLANG_WARN_UNREACHABLE_CODE = YES;
				CLANG_WARN__DUPLICATE_METHOD_MATCH = YES;
				COPY_PHASE_STRIP = NO;
				DEBUG_INFORMATION_FORMAT = dwarf;
				ENABLE_STRICT_OBJC_MSGSEND = YES;
				ENABLE_TESTABILITY = YES;
				GCC_C_LANGUAGE_STANDARD = gnu11;
				GCC_DYNAMIC_NO_PIC = NO;
				GCC_NO_COMMON_BLOCKS = YES;
				GCC_OPTIMIZATION_LEVEL = 0;
				GCC_PREPROCESSOR_DEFINITIONS = (
					"DEBUG=1",
					"$(inherited)",
				);
				GCC_WARN_64_TO_32_BIT_CONVERSION = YES;
				GCC_WARN_ABOUT_RETURN_TYPE = YES_ERROR;
				GCC_WARN_UNDECLARED_SELECTOR = YES;
				GCC_WARN_UNINITIALIZED_AUTOS = YES_AGGRESSIVE;
				GCC_WARN_UNUSED_FUNCTION = YES;
				GCC_WARN_UNUSED_VARIABLE = YES;
				IPHONEOS_DEPLOYMENT_TARGET = 16.1;
				MTL_ENABLE_DEBUG_INFO = INCLUDE_SOURCE;
				MTL_FAST_MATH = YES;
				ONLY_ACTIVE_ARCH = YES;
				SDKROOT = iphoneos;
				SWIFT_ACTIVE_COMPILATION_CONDITIONS = DEBUG;
				SWIFT_OPTIMIZATION_LEVEL = "-Onone";
			};
			name = Debug;
		};
		ECEA2E7B29DE7571008F08AA /* Release */ = {
			isa = XCBuildConfiguration;
			buildSettings = {
				ALWAYS_SEARCH_USER_PATHS = NO;
				CLANG_ANALYZER_NONNULL = YES;
				CLANG_ANALYZER_NUMBER_OBJECT_CONVERSION = YES_AGGRESSIVE;
				CLANG_CXX_LANGUAGE_STANDARD = "gnu++20";
				CLANG_ENABLE_MODULES = YES;
				CLANG_ENABLE_OBJC_ARC = YES;
				CLANG_ENABLE_OBJC_WEAK = YES;
				CLANG_WARN_BLOCK_CAPTURE_AUTORELEASING = YES;
				CLANG_WARN_BOOL_CONVERSION = YES;
				CLANG_WARN_COMMA = YES;
				CLANG_WARN_CONSTANT_CONVERSION = YES;
				CLANG_WARN_DEPRECATED_OBJC_IMPLEMENTATIONS = YES;
				CLANG_WARN_DIRECT_OBJC_ISA_USAGE = YES_ERROR;
				CLANG_WARN_DOCUMENTATION_COMMENTS = YES;
				CLANG_WARN_EMPTY_BODY = YES;
				CLANG_WARN_ENUM_CONVERSION = YES;
				CLANG_WARN_INFINITE_RECURSION = YES;
				CLANG_WARN_INT_CONVERSION = YES;
				CLANG_WARN_NON_LITERAL_NULL_CONVERSION = YES;
				CLANG_WARN_OBJC_IMPLICIT_RETAIN_SELF = YES;
				CLANG_WARN_OBJC_LITERAL_CONVERSION = YES;
				CLANG_WARN_OBJC_ROOT_CLASS = YES_ERROR;
				CLANG_WARN_QUOTED_INCLUDE_IN_FRAMEWORK_HEADER = YES;
				CLANG_WARN_RANGE_LOOP_ANALYSIS = YES;
				CLANG_WARN_STRICT_PROTOTYPES = YES;
				CLANG_WARN_SUSPICIOUS_MOVE = YES;
				CLANG_WARN_UNGUARDED_AVAILABILITY = YES_AGGRESSIVE;
				CLANG_WARN_UNREACHABLE_CODE = YES;
				CLANG_WARN__DUPLICATE_METHOD_MATCH = YES;
				COPY_PHASE_STRIP = NO;
				DEBUG_INFORMATION_FORMAT = "dwarf-with-dsym";
				ENABLE_NS_ASSERTIONS = NO;
				ENABLE_STRICT_OBJC_MSGSEND = YES;
				GCC_C_LANGUAGE_STANDARD = gnu11;
				GCC_NO_COMMON_BLOCKS = YES;
				GCC_WARN_64_TO_32_BIT_CONVERSION = YES;
				GCC_WARN_ABOUT_RETURN_TYPE = YES_ERROR;
				GCC_WARN_UNDECLARED_SELECTOR = YES;
				GCC_WARN_UNINITIALIZED_AUTOS = YES_AGGRESSIVE;
				GCC_WARN_UNUSED_FUNCTION = YES;
				GCC_WARN_UNUSED_VARIABLE = YES;
				IPHONEOS_DEPLOYMENT_TARGET = 16.1;
				MTL_ENABLE_DEBUG_INFO = NO;
				MTL_FAST_MATH = YES;
				SDKROOT = iphoneos;
				SWIFT_COMPILATION_MODE = wholemodule;
				SWIFT_OPTIMIZATION_LEVEL = "-O";
				VALIDATE_PRODUCT = YES;
			};
			name = Release;
		};
		ECEA2E7D29DE7571008F08AA /* Debug */ = {
			isa = XCBuildConfiguration;
			baseConfigurationReference = 13E8069F35417C7FDF92EE09 /* Pods-Demov.debug.xcconfig */;
			buildSettings = {
				ASSETCATALOG_COMPILER_APPICON_NAME = AppIcon;
				ASSETCATALOG_COMPILER_GLOBAL_ACCENT_COLOR_NAME = AccentColor;
				CODE_SIGN_STYLE = Automatic;
				CURRENT_PROJECT_VERSION = 1;
				DEVELOPMENT_TEAM = RVGN862A25;
				GENERATE_INFOPLIST_FILE = YES;
				INFOPLIST_FILE = Demov/Info.plist;
				INFOPLIST_KEY_UIApplicationSupportsIndirectInputEvents = YES;
				INFOPLIST_KEY_UILaunchStoryboardName = LaunchScreen;
				INFOPLIST_KEY_UIMainStoryboardFile = Main;
				INFOPLIST_KEY_UIStatusBarStyle = UIStatusBarStyleLightContent;
				INFOPLIST_KEY_UISupportedInterfaceOrientations_iPad = "UIInterfaceOrientationPortrait UIInterfaceOrientationPortraitUpsideDown UIInterfaceOrientationLandscapeLeft UIInterfaceOrientationLandscapeRight";
				INFOPLIST_KEY_UISupportedInterfaceOrientations_iPhone = "UIInterfaceOrientationPortrait UIInterfaceOrientationLandscapeLeft UIInterfaceOrientationLandscapeRight";
				IPHONEOS_DEPLOYMENT_TARGET = 11.0;
				LD_RUNPATH_SEARCH_PATHS = (
					"$(inherited)",
					"@executable_path/Frameworks",
				);
				MARKETING_VERSION = 1.0;
				PRODUCT_BUNDLE_IDENTIFIER = vn.com.ctk11997.Demov;
				PRODUCT_NAME = "$(TARGET_NAME)";
				SWIFT_EMIT_LOC_STRINGS = YES;
				SWIFT_VERSION = 5.0;
				TARGETED_DEVICE_FAMILY = "1,2";
			};
			name = Debug;
		};
		ECEA2E7E29DE7571008F08AA /* Release */ = {
			isa = XCBuildConfiguration;
			baseConfigurationReference = B8C1EE053C07D9F230CAC0E8 /* Pods-Demov.release.xcconfig */;
			buildSettings = {
				ASSETCATALOG_COMPILER_APPICON_NAME = AppIcon;
				ASSETCATALOG_COMPILER_GLOBAL_ACCENT_COLOR_NAME = AccentColor;
				CODE_SIGN_STYLE = Automatic;
				CURRENT_PROJECT_VERSION = 1;
				DEVELOPMENT_TEAM = RVGN862A25;
				GENERATE_INFOPLIST_FILE = YES;
				INFOPLIST_FILE = Demov/Info.plist;
				INFOPLIST_KEY_UIApplicationSupportsIndirectInputEvents = YES;
				INFOPLIST_KEY_UILaunchStoryboardName = LaunchScreen;
				INFOPLIST_KEY_UIMainStoryboardFile = Main;
				INFOPLIST_KEY_UIStatusBarStyle = UIStatusBarStyleLightContent;
				INFOPLIST_KEY_UISupportedInterfaceOrientations_iPad = "UIInterfaceOrientationPortrait UIInterfaceOrientationPortraitUpsideDown UIInterfaceOrientationLandscapeLeft UIInterfaceOrientationLandscapeRight";
				INFOPLIST_KEY_UISupportedInterfaceOrientations_iPhone = "UIInterfaceOrientationPortrait UIInterfaceOrientationLandscapeLeft UIInterfaceOrientationLandscapeRight";
				IPHONEOS_DEPLOYMENT_TARGET = 11.0;
				LD_RUNPATH_SEARCH_PATHS = (
					"$(inherited)",
					"@executable_path/Frameworks",
				);
				MARKETING_VERSION = 1.0;
				PRODUCT_BUNDLE_IDENTIFIER = vn.com.ctk11997.Demov;
				PRODUCT_NAME = "$(TARGET_NAME)";
				SWIFT_EMIT_LOC_STRINGS = YES;
				SWIFT_VERSION = 5.0;
				TARGETED_DEVICE_FAMILY = "1,2";
			};
			name = Release;
		};
/* End XCBuildConfiguration section */

/* Begin XCConfigurationList section */
		ECEA2E6329DE756F008F08AA /* Build configuration list for PBXProject "Demov" */ = {
			isa = XCConfigurationList;
			buildConfigurations = (
				ECEA2E7A29DE7571008F08AA /* Debug */,
				ECEA2E7B29DE7571008F08AA /* Release */,
			);
			defaultConfigurationIsVisible = 0;
			defaultConfigurationName = Release;
		};
		ECEA2E7C29DE7571008F08AA /* Build configuration list for PBXNativeTarget "Demov" */ = {
			isa = XCConfigurationList;
			buildConfigurations = (
				ECEA2E7D29DE7571008F08AA /* Debug */,
				ECEA2E7E29DE7571008F08AA /* Release */,
			);
			defaultConfigurationIsVisible = 0;
			defaultConfigurationName = Release;
		};
/* End XCConfigurationList section */
	};
	rootObject = ECEA2E6029DE756F008F08AA /* Project object */;
}
